lockfileVersion: '6.0'

devDependencies:
  eta:
    specifier: ^2.1.1
    version: 2.1.1
  zod:
    specifier: ^3.21.4
    version: 3.21.4

packages:

  /eta@2.1.1:
    resolution: {integrity: sha512-daWDLvwOCghtrXRVI4LEt57/R3hFwCidxRlczeYUGBWZ/8MuyZiusOFiCAXkVziuBMdku/lKQk2BgH1hsmijbA==}
    engines: {node: '>=6.0.0'}
    dev: true

  /zod@3.21.4:
    resolution: {integrity: sha512-m46AKbrzKVzOzs/DZgVnG5H55N1sv1M8qZU3A8RIKbs3mrACDNeIOeilDymVb2HdmP8uwshOCF4uJ8uM9rCqJw==}
    dev: true
