lockfileVersion: '6.0'

devDependencies:
  eta:
    specifier: ^2.2.0
    version: 2.2.0
  zod:
    specifier: ^3.21.4
    version: 3.21.4

packages:

  /eta@2.2.0:
    resolution: {integrity: sha512-UVQ72Rqjy/ZKQalzV5dCCJP80GrmPrMxh6NlNf+erV6ObL0ZFkhCstWRawS85z3smdr3d2wXPsZEY7rDPfGd2g==}
    engines: {node: '>=6.0.0'}
    dev: true

  /zod@3.21.4:
    resolution: {integrity: sha512-m46AKbrzKVzOzs/DZgVnG5H55N1sv1M8qZU3A8RIKbs3mrACDNeIOeilDymVb2HdmP8uwshOCF4uJ8uM9rCqJw==}
    dev: true
